{
  "name": "walkie-talkai-sidecar",
  "version": "0.1.0",
  "lockfileVersion": 3,
  "requires": true,
  "packages": {
    "": {
      "name": "walkie-talkai-sidecar",
      "version": "0.1.0",
      "dependencies": {
        "@github/copilot-sdk": "latest"
      }
    },
    "node_modules/@github/copilot": {
      "version": "1.0.25",
      "resolved": "https://proget.wtg.zone/npm/Registry/%40github/copilot/-/copilot-1.0.25.tgz",
      "integrity": "sha512-rmNoAbInkIBR/Mfpkeg18E3MEHLzqrdbyOLZToweQFh2ZkFu3Vm3Q1C80X3ItN2jJrqZnVaJdyOhGvqTKUNBHA==",
      "license": "SEE LICENSE IN LICENSE.md",
      "bin": {
        "copilot": "npm-loader.js"
      },
      "optionalDependencies": {
        "@github/copilot-darwin-arm64": "1.0.25",
        "@github/copilot-darwin-x64": "1.0.25",
        "@github/copilot-linux-arm64": "1.0.25",
        "@github/copilot-linux-x64": "1.0.25",
        "@github/copilot-win32-arm64": "1.0.25",
        "@github/copilot-win32-x64": "1.0.25"
      }
    },
    "node_modules/@github/copilot-darwin-arm64": {
      "version": "1.0.25",
      "resolved": "https://proget.wtg.zone/npm/Registry/%40github/copilot-darwin-arm64/-/copilot-darwin-arm64-1.0.25.tgz",
      "integrity": "sha512-SoXwH5jCQao7G70RShhct01QlA6gmzGqXYRJP2Yc0hAGxa0oe6uDjT/aes3x1FEEz+pIGpPpAozlWTFb84Az3A==",
      "cpu": [
        "arm64"
      ],
      "license": "SEE LICENSE IN LICENSE.md",
      "optional": true,
      "os": [
        "darwin"
      ],
      "bin": {
        "copilot-darwin-arm64": "copilot"
      }
    },
    "node_modules/@github/copilot-darwin-x64": {
      "version": "1.0.25",
      "resolved": "https://proget.wtg.zone/npm/Registry/%40github/copilot-darwin-x64/-/copilot-darwin-x64-1.0.25.tgz",
      "integrity": "sha512-vxSol4TM8PpYA1bLbtFKc+1ytbB56oNQO+zuB7OyLYIp2eNxS7XYteY00LqN+n5Y7A5ssQAc+4cLabGcxp/+YQ==",
      "cpu": [
        "x64"
      ],
      "license": "SEE LICENSE IN LICENSE.md",
      "optional": true,
      "os": [
        "darwin"
      ],
      "bin": {
        "copilot-darwin-x64": "copilot"
      }
    },
    "node_modules/@github/copilot-linux-arm64": {
      "version": "1.0.25",
      "resolved": "https://proget.wtg.zone/npm/Registry/%40github/copilot-linux-arm64/-/copilot-linux-arm64-1.0.25.tgz",
      "integrity": "sha512-vzpoMcNKVEqSLuXFQzGZXWe2s0asELHifLQFLuuLNeb/NZfcacAZngJbvQm6QkPuUDvJcc+8lw97n2g8BUVzTw==",
      "cpu": [
        "arm64"
      ],
      "license": "SEE LICENSE IN LICENSE.md",
      "optional": true,
      "os": [
        "linux"
      ],
      "bin": {
        "copilot-linux-arm64": "copilot"
      }
    },
    "node_modules/@github/copilot-linux-x64": {
      "version": "1.0.25",
      "resolved": "https://proget.wtg.zone/npm/Registry/%40github/copilot-linux-x64/-/copilot-linux-x64-1.0.25.tgz",
      "integrity": "sha512-vbgM9zbpxEE56zzr77mE34TKRIVjdxmG6DTfkcwp2qglEL5q3DFBZZN1/Kk+UU1AUlD/8orUJtsWy++jjlkD1w==",
      "cpu": [
        "x64"
      ],
      "license": "SEE LICENSE IN LICENSE.md",
      "optional": true,
      "os": [
        "linux"
      ],
      "bin": {
        "copilot-linux-x64": "copilot"
      }
    },
    "node_modules/@github/copilot-sdk": {
      "version": "0.2.2",
      "resolved": "https://proget.wtg.zone/npm/Registry/%40github/copilot-sdk/-/copilot-sdk-0.2.2.tgz",
      "integrity": "sha512-VZCqS08YlUM90bUKJ7VLeIxgTTEHtfXBo84T1IUMNvXRREX2csjPH6Z+CPw3S2468RcCLvzBXcc9LtJJTLIWFw==",
      "license": "MIT",
      "dependencies": {
        "@github/copilot": "^1.0.21",
        "vscode-jsonrpc": "^8.2.1",
        "zod": "^4.3.6"
      },
      "engines": {
        "node": ">=20.0.0"
      }
    },
    "node_modules/@github/copilot-win32-arm64": {
      "version": "1.0.25",
      "resolved": "https://proget.wtg.zone/npm/Registry/%40github/copilot-win32-arm64/-/copilot-win32-arm64-1.0.25.tgz",
      "integrity": "sha512-C3Dl0VtVkZlfRZrQPQVhlHoIRy9uDIc+gCBGGImungxqkR6z1te+mLq9BGu/LxWD7nLFO+2i0owZEJ4J+RBmZA==",
      "cpu": [
        "arm64"
      ],
      "license": "SEE LICENSE IN LICENSE.md",
      "optional": true,
      "os": [
        "win32"
      ],
      "bin": {
        "copilot-win32-arm64": "copilot.exe"
      }
    },
    "node_modules/@github/copilot-win32-x64": {
      "version": "1.0.25",
      "resolved": "https://proget.wtg.zone/npm/Registry/%40github/copilot-win32-x64/-/copilot-win32-x64-1.0.25.tgz",
      "integrity": "sha512-7FYl43z3QvE57loe7lqlEDyo6mhrgL0hunmro4woDN4hqS24FN/iom33IbuxYQQJ4sgz+ZMSrN1H0TUA2TXj9w==",
      "cpu": [
        "x64"
      ],
      "license": "SEE LICENSE IN LICENSE.md",
      "optional": true,
      "os": [
        "win32"
      ],
      "bin": {
        "copilot-win32-x64": "copilot.exe"
      }
    },
    "node_modules/vscode-jsonrpc": {
      "version": "8.2.1",
      "resolved": "https://proget.wtg.zone/npm/Registry/vscode-jsonrpc/-/vscode-jsonrpc-8.2.1.tgz",
      "integrity": "sha512-kdjOSJ2lLIn7r1rtrMbbNCHjyMPfRnowdKjBQ+mGq6NAW5QY2bEZC/khaC5OR8svbbjvLEaIXkOq45e2X9BIbQ==",
      "license": "MIT",
      "engines": {
        "node": ">=14.0.0"
      }
    },
    "node_modules/zod": {
      "version": "4.3.6",
      "resolved": "https://proget.wtg.zone/npm/Registry/zod/-/zod-4.3.6.tgz",
      "integrity": "sha512-rftlrkhHZOcjDwkGlnUtZZkvaPHCsDATp4pGpuOOMDaTdDDXF91wuVDJoWoPsKX/3YPQ5fHuF3STjcYyKr+Qhg==",
      "license": "MIT",
      "funding": {
        "url": "https://github.com/sponsors/colinhacks"
      }
    }
  }
}
